
Microsoft Visual Studio Solution File, Format Version 12.00
# Visual Studio 15
Project("{FAE04EC0-301F-11D3-BF4B-00C04F79EFBC}") = "Assembly-CSharp", "Assembly-CSharp.csproj", "{EE97F21C-1F46-6328-5CB6-327C26E238D8}"
EndProject
Project("{FAE04EC0-301F-11D3-BF4B-00C04F79EFBC}") = "Oculus.Interaction", "Oculus.Interaction.csproj", "{6DAB42A6-4A5E-042F-D567-DFC61A5DD0E4}"
EndProject
Project("{FAE04EC0-301F-11D3-BF4B-00C04F79EFBC}") = "Oculus.VR", "Oculus.VR.csproj", "{7C0E4A33-FD34-F1D6-38B8-3AE2FD820CEE}"
EndProject
Project("{FAE04EC0-301F-11D3-BF4B-00C04F79EFBC}") = "PhotonUnityNetworking.Demos", "PhotonUnityNetworking.Demos.csproj", "{C65BCF82-583C-8F60-E420-7A0CACDBE08E}"
EndProject
Project("{FAE04EC0-301F-11D3-BF4B-00C04F79EFBC}") = "PhotonUnityNetworking.Utilities", "PhotonUnityNetworking.Utilities.csproj", "{7BDF6D23-AF98-BC48-4903-8E375F1CD769}"
EndProject
Project("{FAE04EC0-301F-11D3-BF4B-00C04F79EFBC}") = "Oculus.Spatializer", "Oculus.Spatializer.csproj", "{BBD04100-81F2-2722-4F51-C92D01D430B7}"
EndProject
Project("{FAE04EC0-301F-11D3-BF4B-00C04F79EFBC}") = "Facebook.WitAI", "Facebook.WitAI.csproj", "{26196E37-CC63-FED5-DBCF-0ED9FC302B1F}"
EndProject
Project("{FAE04EC0-301F-11D3-BF4B-00C04F79EFBC}") = "AssistantCoreSDKRuntime", "AssistantCoreSDKRuntime.csproj", "{41041292-A384-B668-FEA2-737511305FFB}"
EndProject
Project("{FAE04EC0-301F-11D3-BF4B-00C04F79EFBC}") = "Oculus.Platform", "Oculus.Platform.csproj", "{14D4854E-E013-7CBA-47C1-619FE4F2D410}"
EndProject
Project("{FAE04EC0-301F-11D3-BF4B-00C04F79EFBC}") = "PhotonChat", "PhotonChat.csproj", "{3A74AF1E-AE78-63AC-F0E7-D32D3E382959}"
EndProject
Project("{FAE04EC0-301F-11D3-BF4B-00C04F79EFBC}") = "Runtime", "Runtime.csproj", "{E17A185A-EEA1-CD68-592A-08862B4D1852}"
EndProject
Project("{FAE04EC0-301F-11D3-BF4B-00C04F79EFBC}") = "PhotonUnityNetworking", "PhotonUnityNetworking.csproj", "{78DA7C11-2388-A79B-A1B2-7618AF80023F}"
EndProject
Project("{FAE04EC0-301F-11D3-BF4B-00C04F79EFBC}") = "Oculus.Interaction.Samples", "Oculus.Interaction.Samples.csproj", "{E29A445D-ED4E-DFA6-6942-74DF551FED93}"
EndProject
Project("{FAE04EC0-301F-11D3-BF4B-00C04F79EFBC}") = "Oculus.LipSync", "Oculus.LipSync.csproj", "{298B5460-A310-A67E-6553-12E030F061FC}"
EndProject
Project("{FAE04EC0-301F-11D3-BF4B-00C04F79EFBC}") = "PhotonRealtime", "PhotonRealtime.csproj", "{2A4933EF-8391-939F-444E-2FE60D41C479}"
EndProject
Project("{FAE04EC0-301F-11D3-BF4B-00C04F79EFBC}") = "Oculus.AudioManager", "Oculus.AudioManager.csproj", "{EF9318AB-18D6-C71D-9F2C-DB6AD92E10A9}"
EndProject
Project("{FAE04EC0-301F-11D3-BF4B-00C04F79EFBC}") = "VoiceSDK.Runtime", "VoiceSDK.Runtime.csproj", "{32F5FC7F-FB0A-92CE-D6B3-5CB681744295}"
EndProject
Project("{FAE04EC0-301F-11D3-BF4B-00C04F79EFBC}") = "VoiceSDK.Editor", "VoiceSDK.Editor.csproj", "{5932CEDF-EBF8-1C32-89D0-DC243722BA53}"
EndProject
Project("{FAE04EC0-301F-11D3-BF4B-00C04F79EFBC}") = "Oculus.AudioManager.Audio.Editor", "Oculus.AudioManager.Audio.Editor.csproj", "{9E71BA7D-21DB-2937-ADDF-D1A0FEC3E879}"
EndProject
Project("{FAE04EC0-301F-11D3-BF4B-00C04F79EFBC}") = "Oculus.Interaction.Editor", "Oculus.Interaction.Editor.csproj", "{AB283B05-9382-EBB8-33D9-C294249D0F7C}"
EndProject
Project("{FAE04EC0-301F-11D3-BF4B-00C04F79EFBC}") = "Oculus.VR.Scripts.Editor", "Oculus.VR.Scripts.Editor.csproj", "{ACFEF21B-7216-CD2F-DD74-35D7A5584C70}"
EndProject
Project("{FAE04EC0-301F-11D3-BF4B-00C04F79EFBC}") = "Oculus.VR.Editor", "Oculus.VR.Editor.csproj", "{EB340D93-617A-E885-FC1F-48D27E0B606C}"
EndProject
Project("{FAE04EC0-301F-11D3-BF4B-00C04F79EFBC}") = "AssistantCoreSDKEditor", "AssistantCoreSDKEditor.csproj", "{836AC36E-EF16-A61A-B037-D7B3AA17EEC4}"
EndProject
Project("{FAE04EC0-301F-11D3-BF4B-00C04F79EFBC}") = "Facebook.Wit.Editor", "Facebook.Wit.Editor.csproj", "{B858082E-27D5-30C2-ABA8-096313189316}"
EndProject
Project("{FAE04EC0-301F-11D3-BF4B-00C04F79EFBC}") = "PhotonUnityNetworking.Editor", "PhotonUnityNetworking.Editor.csproj", "{6AC39313-6F43-4046-7E82-5BB532268816}"
EndProject
Project("{FAE04EC0-301F-11D3-BF4B-00C04F79EFBC}") = "Oculus.Spatializer.Editor", "Oculus.Spatializer.Editor.csproj", "{6070C6F3-CC6C-F6D5-667E-B140C4C358EA}"
EndProject
Project("{FAE04EC0-301F-11D3-BF4B-00C04F79EFBC}") = "Oculus.Platform.Editor", "Oculus.Platform.Editor.csproj", "{23E26E80-7E6F-02F6-058E-348BA02383C4}"
EndProject
Project("{FAE04EC0-301F-11D3-BF4B-00C04F79EFBC}") = "Oculus.LipSync.Editor", "Oculus.LipSync.Editor.csproj", "{6657973A-D1B8-A85B-4B6D-B7BD282A2265}"
EndProject
Project("{FAE04EC0-301F-11D3-BF4B-00C04F79EFBC}") = "PunDemos.DemoHubEditor", "PunDemos.DemoHubEditor.csproj", "{03FF111C-F344-B803-EF17-E99C246AA0C9}"
EndProject
Project("{FAE04EC0-301F-11D3-BF4B-00C04F79EFBC}") = "PhotonUnityNetworking.Utilities.PhotonPlayer.Editor", "PhotonUnityNetworking.Utilities.PhotonPlayer.Editor.csproj", "{F7893F6C-E522-6CD9-781E-35A9B076C5AD}"
EndProject
Project("{FAE04EC0-301F-11D3-BF4B-00C04F79EFBC}") = "Oculus.Interaction.InterfaceSupport", "Oculus.Interaction.InterfaceSupport.csproj", "{DCAF16AD-1E43-EA83-F7F0-67AE9E74D6F8}"
EndProject
Project("{FAE04EC0-301F-11D3-BF4B-00C04F79EFBC}") = "Oculus.AudioManager.Utils.Editor", "Oculus.AudioManager.Utils.Editor.csproj", "{7682FA9E-51C7-E9E4-554F-8364D91FB974}"
EndProject
Project("{FAE04EC0-301F-11D3-BF4B-00C04F79EFBC}") = "PhotonUnityNetworking.Utilities.Culling.Editor", "PhotonUnityNetworking.Utilities.Culling.Editor.csproj", "{0B9D89E4-2AB9-5E87-3914-09E5BBEDB6BE}"
EndProject
Project("{FAE04EC0-301F-11D3-BF4B-00C04F79EFBC}") = "PunDemos.DemoSlotcarEditor", "PunDemos.DemoSlotcarEditor.csproj", "{D354EDB2-764F-9E61-A974-0EF2BAB5BAB6}"
EndProject
Project("{FAE04EC0-301F-11D3-BF4B-00C04F79EFBC}") = "Assembly-CSharp-Editor", "Assembly-CSharp-Editor.csproj", "{62A9D8AA-259B-86A0-4766-047CD229B316}"
EndProject
Global
	GlobalSection(SolutionConfigurationPlatforms) = preSolution
		Debug|Any CPU = Debug|Any CPU
		Release|Any CPU = Release|Any CPU
	EndGlobalSection
	GlobalSection(ProjectConfigurationPlatforms) = postSolution
		{EE97F21C-1F46-6328-5CB6-327C26E238D8}.Debug|Any CPU.ActiveCfg = Debug|Any CPU
		{EE97F21C-1F46-6328-5CB6-327C26E238D8}.Debug|Any CPU.Build.0 = Debug|Any CPU
		{EE97F21C-1F46-6328-5CB6-327C26E238D8}.Release|Any CPU.ActiveCfg = Release|Any CPU
		{EE97F21C-1F46-6328-5CB6-327C26E238D8}.Release|Any CPU.Build.0 = Release|Any CPU
		{6DAB42A6-4A5E-042F-D567-DFC61A5DD0E4}.Debug|Any CPU.ActiveCfg = Debug|Any CPU
		{6DAB42A6-4A5E-042F-D567-DFC61A5DD0E4}.Debug|Any CPU.Build.0 = Debug|Any CPU
		{6DAB42A6-4A5E-042F-D567-DFC61A5DD0E4}.Release|Any CPU.ActiveCfg = Release|Any CPU
		{6DAB42A6-4A5E-042F-D567-DFC61A5DD0E4}.Release|Any CPU.Build.0 = Release|Any CPU
		{7C0E4A33-FD34-F1D6-38B8-3AE2FD820CEE}.Debug|Any CPU.ActiveCfg = Debug|Any CPU
		{7C0E4A33-FD34-F1D6-38B8-3AE2FD820CEE}.Debug|Any CPU.Build.0 = Debug|Any CPU
		{7C0E4A33-FD34-F1D6-38B8-3AE2FD820CEE}.Release|Any CPU.ActiveCfg = Release|Any CPU
		{7C0E4A33-FD34-F1D6-38B8-3AE2FD820CEE}.Release|Any CPU.Build.0 = Release|Any CPU
		{C65BCF82-583C-8F60-E420-7A0CACDBE08E}.Debug|Any CPU.ActiveCfg = Debug|Any CPU
		{C65BCF82-583C-8F60-E420-7A0CACDBE08E}.Debug|Any CPU.Build.0 = Debug|Any CPU
		{C65BCF82-583C-8F60-E420-7A0CACDBE08E}.Release|Any CPU.ActiveCfg = Release|Any CPU
		{C65BCF82-583C-8F60-E420-7A0CACDBE08E}.Release|Any CPU.Build.0 = Release|Any CPU
		{7BDF6D23-AF98-BC48-4903-8E375F1CD769}.Debug|Any CPU.ActiveCfg = Debug|Any CPU
		{7BDF6D23-AF98-BC48-4903-8E375F1CD769}.Debug|Any CPU.Build.0 = Debug|Any CPU
		{7BDF6D23-AF98-BC48-4903-8E375F1CD769}.Release|Any CPU.ActiveCfg = Release|Any CPU
		{7BDF6D23-AF98-BC48-4903-8E375F1CD769}.Release|Any CPU.Build.0 = Release|Any CPU
		{BBD04100-81F2-2722-4F51-C92D01D430B7}.Debug|Any CPU.ActiveCfg = Debug|Any CPU
		{BBD04100-81F2-2722-4F51-C92D01D430B7}.Debug|Any CPU.Build.0 = Debug|Any CPU
		{BBD04100-81F2-2722-4F51-C92D01D430B7}.Release|Any CPU.ActiveCfg = Release|Any CPU
		{BBD04100-81F2-2722-4F51-C92D01D430B7}.Release|Any CPU.Build.0 = Release|Any CPU
		{26196E37-CC63-FED5-DBCF-0ED9FC302B1F}.Debug|Any CPU.ActiveCfg = Debug|Any CPU
		{26196E37-CC63-FED5-DBCF-0ED9FC302B1F}.Debug|Any CPU.Build.0 = Debug|Any CPU
		{26196E37-CC63-FED5-DBCF-0ED9FC302B1F}.Release|Any CPU.ActiveCfg = Release|Any CPU
		{26196E37-CC63-FED5-DBCF-0ED9FC302B1F}.Release|Any CPU.Build.0 = Release|Any CPU
		{41041292-A384-B668-FEA2-737511305FFB}.Debug|Any CPU.ActiveCfg = Debug|Any CPU
		{41041292-A384-B668-FEA2-737511305FFB}.Debug|Any CPU.Build.0 = Debug|Any CPU
		{41041292-A384-B668-FEA2-737511305FFB}.Release|Any CPU.ActiveCfg = Release|Any CPU
		{41041292-A384-B668-FEA2-737511305FFB}.Release|Any CPU.Build.0 = Release|Any CPU
		{14D4854E-E013-7CBA-47C1-619FE4F2D410}.Debug|Any CPU.ActiveCfg = Debug|Any CPU
		{14D4854E-E013-7CBA-47C1-619FE4F2D410}.Debug|Any CPU.Build.0 = Debug|Any CPU
		{14D4854E-E013-7CBA-47C1-619FE4F2D410}.Release|Any CPU.ActiveCfg = Release|Any CPU
		{14D4854E-E013-7CBA-47C1-619FE4F2D410}.Release|Any CPU.Build.0 = Release|Any CPU
		{3A74AF1E-AE78-63AC-F0E7-D32D3E382959}.Debug|Any CPU.ActiveCfg = Debug|Any CPU
		{3A74AF1E-AE78-63AC-F0E7-D32D3E382959}.Debug|Any CPU.Build.0 = Debug|Any CPU
		{3A74AF1E-AE78-63AC-F0E7-D32D3E382959}.Release|Any CPU.ActiveCfg = Release|Any CPU
		{3A74AF1E-AE78-63AC-F0E7-D32D3E382959}.Release|Any CPU.Build.0 = Release|Any CPU
		{E17A185A-EEA1-CD68-592A-08862B4D1852}.Debug|Any CPU.ActiveCfg = Debug|Any CPU
		{E17A185A-EEA1-CD68-592A-08862B4D1852}.Debug|Any CPU.Build.0 = Debug|Any CPU
		{E17A185A-EEA1-CD68-592A-08862B4D1852}.Release|Any CPU.ActiveCfg = Release|Any CPU
		{E17A185A-EEA1-CD68-592A-08862B4D1852}.Release|Any CPU.Build.0 = Release|Any CPU
		{78DA7C11-2388-A79B-A1B2-7618AF80023F}.Debug|Any CPU.ActiveCfg = Debug|Any CPU
		{78DA7C11-2388-A79B-A1B2-7618AF80023F}.Debug|Any CPU.Build.0 = Debug|Any CPU
		{78DA7C11-2388-A79B-A1B2-7618AF80023F}.Release|Any CPU.ActiveCfg = Release|Any CPU
		{78DA7C11-2388-A79B-A1B2-7618AF80023F}.Release|Any CPU.Build.0 = Release|Any CPU
		{E29A445D-ED4E-DFA6-6942-74DF551FED93}.Debug|Any CPU.ActiveCfg = Debug|Any CPU
		{E29A445D-ED4E-DFA6-6942-74DF551FED93}.Debug|Any CPU.Build.0 = Debug|Any CPU
		{E29A445D-ED4E-DFA6-6942-74DF551FED93}.Release|Any CPU.ActiveCfg = Release|Any CPU
		{E29A445D-ED4E-DFA6-6942-74DF551FED93}.Release|Any CPU.Build.0 = Release|Any CPU
		{298B5460-A310-A67E-6553-12E030F061FC}.Debug|Any CPU.ActiveCfg = Debug|Any CPU
		{298B5460-A310-A67E-6553-12E030F061FC}.Debug|Any CPU.Build.0 = Debug|Any CPU
		{298B5460-A310-A67E-6553-12E030F061FC}.Release|Any CPU.ActiveCfg = Release|Any CPU
		{298B5460-A310-A67E-6553-12E030F061FC}.Release|Any CPU.Build.0 = Release|Any CPU
		{2A4933EF-8391-939F-444E-2FE60D41C479}.Debug|Any CPU.ActiveCfg = Debug|Any CPU
		{2A4933EF-8391-939F-444E-2FE60D41C479}.Debug|Any CPU.Build.0 = Debug|Any CPU
		{2A4933EF-8391-939F-444E-2FE60D41C479}.Release|Any CPU.ActiveCfg = Release|Any CPU
		{2A4933EF-8391-939F-444E-2FE60D41C479}.Release|Any CPU.Build.0 = Release|Any CPU
		{EF9318AB-18D6-C71D-9F2C-DB6AD92E10A9}.Debug|Any CPU.ActiveCfg = Debug|Any CPU
		{EF9318AB-18D6-C71D-9F2C-DB6AD92E10A9}.Debug|Any CPU.Build.0 = Debug|Any CPU
		{EF9318AB-18D6-C71D-9F2C-DB6AD92E10A9}.Release|Any CPU.ActiveCfg = Release|Any CPU
		{EF9318AB-18D6-C71D-9F2C-DB6AD92E10A9}.Release|Any CPU.Build.0 = Release|Any CPU
		{32F5FC7F-FB0A-92CE-D6B3-5CB681744295}.Debug|Any CPU.ActiveCfg = Debug|Any CPU
		{32F5FC7F-FB0A-92CE-D6B3-5CB681744295}.Debug|Any CPU.Build.0 = Debug|Any CPU
		{32F5FC7F-FB0A-92CE-D6B3-5CB681744295}.Release|Any CPU.ActiveCfg = Release|Any CPU
		{32F5FC7F-FB0A-92CE-D6B3-5CB681744295}.Release|Any CPU.Build.0 = Release|Any CPU
		{5932CEDF-EBF8-1C32-89D0-DC243722BA53}.Debug|Any CPU.ActiveCfg = Debug|Any CPU
		{5932CEDF-EBF8-1C32-89D0-DC243722BA53}.Debug|Any CPU.Build.0 = Debug|Any CPU
		{5932CEDF-EBF8-1C32-89D0-DC243722BA53}.Release|Any CPU.ActiveCfg = Release|Any CPU
		{5932CEDF-EBF8-1C32-89D0-DC243722BA53}.Release|Any CPU.Build.0 = Release|Any CPU
		{9E71BA7D-21DB-2937-ADDF-D1A0FEC3E879}.Debug|Any CPU.ActiveCfg = Debug|Any CPU
		{9E71BA7D-21DB-2937-ADDF-D1A0FEC3E879}.Debug|Any CPU.Build.0 = Debug|Any CPU
		{9E71BA7D-21DB-2937-ADDF-D1A0FEC3E879}.Release|Any CPU.ActiveCfg = Release|Any CPU
		{9E71BA7D-21DB-2937-ADDF-D1A0FEC3E879}.Release|Any CPU.Build.0 = Release|Any CPU
		{AB283B05-9382-EBB8-33D9-C294249D0F7C}.Debug|Any CPU.ActiveCfg = Debug|Any CPU
		{AB283B05-9382-EBB8-33D9-C294249D0F7C}.Debug|Any CPU.Build.0 = Debug|Any CPU
		{AB283B05-9382-EBB8-33D9-C294249D0F7C}.Release|Any CPU.ActiveCfg = Release|Any CPU
		{AB283B05-9382-EBB8-33D9-C294249D0F7C}.Release|Any CPU.Build.0 = Release|Any CPU
		{ACFEF21B-7216-CD2F-DD74-35D7A5584C70}.Debug|Any CPU.ActiveCfg = Debug|Any CPU
		{ACFEF21B-7216-CD2F-DD74-35D7A5584C70}.Debug|Any CPU.Build.0 = Debug|Any CPU
		{ACFEF21B-7216-CD2F-DD74-35D7A5584C70}.Release|Any CPU.ActiveCfg = Release|Any CPU
		{ACFEF21B-7216-CD2F-DD74-35D7A5584C70}.Release|Any CPU.Build.0 = Release|Any CPU
		{EB340D93-617A-E885-FC1F-48D27E0B606C}.Debug|Any CPU.ActiveCfg = Debug|Any CPU
		{EB340D93-617A-E885-FC1F-48D27E0B606C}.Debug|Any CPU.Build.0 = Debug|Any CPU
		{EB340D93-617A-E885-FC1F-48D27E0B606C}.Release|Any CPU.ActiveCfg = Release|Any CPU
		{EB340D93-617A-E885-FC1F-48D27E0B606C}.Release|Any CPU.Build.0 = Release|Any CPU
		{836AC36E-EF16-A61A-B037-D7B3AA17EEC4}.Debug|Any CPU.ActiveCfg = Debug|Any CPU
		{836AC36E-EF16-A61A-B037-D7B3AA17EEC4}.Debug|Any CPU.Build.0 = Debug|Any CPU
		{836AC36E-EF16-A61A-B037-D7B3AA17EEC4}.Release|Any CPU.ActiveCfg = Release|Any CPU
		{836AC36E-EF16-A61A-B037-D7B3AA17EEC4}.Release|Any CPU.Build.0 = Release|Any CPU
		{B858082E-27D5-30C2-ABA8-096313189316}.Debug|Any CPU.ActiveCfg = Debug|Any CPU
		{B858082E-27D5-30C2-ABA8-096313189316}.Debug|Any CPU.Build.0 = Debug|Any CPU
		{B858082E-27D5-30C2-ABA8-096313189316}.Release|Any CPU.ActiveCfg = Release|Any CPU
		{B858082E-27D5-30C2-ABA8-096313189316}.Release|Any CPU.Build.0 = Release|Any CPU
		{6AC39313-6F43-4046-7E82-5BB532268816}.Debug|Any CPU.ActiveCfg = Debug|Any CPU
		{6AC39313-6F43-4046-7E82-5BB532268816}.Debug|Any CPU.Build.0 = Debug|Any CPU
		{6AC39313-6F43-4046-7E82-5BB532268816}.Release|Any CPU.ActiveCfg = Release|Any CPU
		{6AC39313-6F43-4046-7E82-5BB532268816}.Release|Any CPU.Build.0 = Release|Any CPU
		{6070C6F3-CC6C-F6D5-667E-B140C4C358EA}.Debug|Any CPU.ActiveCfg = Debug|Any CPU
		{6070C6F3-CC6C-F6D5-667E-B140C4C358EA}.Debug|Any CPU.Build.0 = Debug|Any CPU
		{6070C6F3-CC6C-F6D5-667E-B140C4C358EA}.Release|Any CPU.ActiveCfg = Release|Any CPU
		{6070C6F3-CC6C-F6D5-667E-B140C4C358EA}.Release|Any CPU.Build.0 = Release|Any CPU
		{23E26E80-7E6F-02F6-058E-348BA02383C4}.Debug|Any CPU.ActiveCfg = Debug|Any CPU
		{23E26E80-7E6F-02F6-058E-348BA02383C4}.Debug|Any CPU.Build.0 = Debug|Any CPU
		{23E26E80-7E6F-02F6-058E-348BA02383C4}.Release|Any CPU.ActiveCfg = Release|Any CPU
		{23E26E80-7E6F-02F6-058E-348BA02383C4}.Release|Any CPU.Build.0 = Release|Any CPU
		{6657973A-D1B8-A85B-4B6D-B7BD282A2265}.Debug|Any CPU.ActiveCfg = Debug|Any CPU
		{6657973A-D1B8-A85B-4B6D-B7BD282A2265}.Debug|Any CPU.Build.0 = Debug|Any CPU
		{6657973A-D1B8-A85B-4B6D-B7BD282A2265}.Release|Any CPU.ActiveCfg = Release|Any CPU
		{6657973A-D1B8-A85B-4B6D-B7BD282A2265}.Release|Any CPU.Build.0 = Release|Any CPU
		{03FF111C-F344-B803-EF17-E99C246AA0C9}.Debug|Any CPU.ActiveCfg = Debug|Any CPU
		{03FF111C-F344-B803-EF17-E99C246AA0C9}.Debug|Any CPU.Build.0 = Debug|Any CPU
		{03FF111C-F344-B803-EF17-E99C246AA0C9}.Release|Any CPU.ActiveCfg = Release|Any CPU
		{03FF111C-F344-B803-EF17-E99C246AA0C9}.Release|Any CPU.Build.0 = Release|Any CPU
		{F7893F6C-E522-6CD9-781E-35A9B076C5AD}.Debug|Any CPU.ActiveCfg = Debug|Any CPU
		{F7893F6C-E522-6CD9-781E-35A9B076C5AD}.Debug|Any CPU.Build.0 = Debug|Any CPU
		{F7893F6C-E522-6CD9-781E-35A9B076C5AD}.Release|Any CPU.ActiveCfg = Release|Any CPU
		{F7893F6C-E522-6CD9-781E-35A9B076C5AD}.Release|Any CPU.Build.0 = Release|Any CPU
		{DCAF16AD-1E43-EA83-F7F0-67AE9E74D6F8}.Debug|Any CPU.ActiveCfg = Debug|Any CPU
		{DCAF16AD-1E43-EA83-F7F0-67AE9E74D6F8}.Debug|Any CPU.Build.0 = Debug|Any CPU
		{DCAF16AD-1E43-EA83-F7F0-67AE9E74D6F8}.Release|Any CPU.ActiveCfg = Release|Any CPU
		{DCAF16AD-1E43-EA83-F7F0-67AE9E74D6F8}.Release|Any CPU.Build.0 = Release|Any CPU
		{7682FA9E-51C7-E9E4-554F-8364D91FB974}.Debug|Any CPU.ActiveCfg = Debug|Any CPU
		{7682FA9E-51C7-E9E4-554F-8364D91FB974}.Debug|Any CPU.Build.0 = Debug|Any CPU
		{7682FA9E-51C7-E9E4-554F-8364D91FB974}.Release|Any CPU.ActiveCfg = Release|Any CPU
		{7682FA9E-51C7-E9E4-554F-8364D91FB974}.Release|Any CPU.Build.0 = Release|Any CPU
		{0B9D89E4-2AB9-5E87-3914-09E5BBEDB6BE}.Debug|Any CPU.ActiveCfg = Debug|Any CPU
		{0B9D89E4-2AB9-5E87-3914-09E5BBEDB6BE}.Debug|Any CPU.Build.0 = Debug|Any CPU
		{0B9D89E4-2AB9-5E87-3914-09E5BBEDB6BE}.Release|Any CPU.ActiveCfg = Release|Any CPU
		{0B9D89E4-2AB9-5E87-3914-09E5BBEDB6BE}.Release|Any CPU.Build.0 = Release|Any CPU
		{D354EDB2-764F-9E61-A974-0EF2BAB5BAB6}.Debug|Any CPU.ActiveCfg = Debug|Any CPU
		{D354EDB2-764F-9E61-A974-0EF2BAB5BAB6}.Debug|Any CPU.Build.0 = Debug|Any CPU
		{D354EDB2-764F-9E61-A974-0EF2BAB5BAB6}.Release|Any CPU.ActiveCfg = Release|Any CPU
		{D354EDB2-764F-9E61-A974-0EF2BAB5BAB6}.Release|Any CPU.Build.0 = Release|Any CPU
		{62A9D8AA-259B-86A0-4766-047CD229B316}.Debug|Any CPU.ActiveCfg = Debug|Any CPU
		{62A9D8AA-259B-86A0-4766-047CD229B316}.Debug|Any CPU.Build.0 = Debug|Any CPU
		{62A9D8AA-259B-86A0-4766-047CD229B316}.Release|Any CPU.ActiveCfg = Release|Any CPU
		{62A9D8AA-259B-86A0-4766-047CD229B316}.Release|Any CPU.Build.0 = Release|Any CPU
	EndGlobalSection
	GlobalSection(SolutionProperties) = preSolution
		HideSolutionNode = FALSE
	EndGlobalSection
EndGlobal
